
Microsoft Visual Studio Solution File, Format Version 12.00
# Visual Studio Version 17
VisualStudioVersion = 17.11.35327.3
MinimumVisualStudioVersion = 10.0.40219.1
Project("{9A19103F-16F7-4668-BE54-9A1E7A4F7556}") = "WealthTracker.Application", "WealthTracker.Application\WealthTracker.Application.csproj", "{48E09725-5793-4929-B78D-42201C3F114A}"
EndProject
Project("{9A19103F-16F7-4668-BE54-9A1E7A4F7556}") = "WealthTracker.Services", "WealthTracker.Services\WealthTracker.Services.csproj", "{DD35EF85-D9A1-4347-8350-D65DBCCB6CA9}"
EndProject
Project("{9A19103F-16F7-4668-BE54-9A1E7A4F7556}") = "WealthTracker.Repository", "WealthTracker.Repository\WealthTracker.Repository.csproj", "{8177EC4C-AB46-43D2-9FDC-0B51D066B93C}"
EndProject
Project("{9A19103F-16F7-4668-BE54-9A1E7A4F7556}") = "WealthTracker.Shared", "WealthTracker.Shared\WealthTracker.Shared.csproj", "{CE4CF06F-1F28-48A4-B928-C4D19BFFB8FA}"
EndProject
Global
	GlobalSection(SolutionConfigurationPlatforms) = preSolution
		Debug|Any CPU = Debug|Any CPU
		Release|Any CPU = Release|Any CPU
	EndGlobalSection
	GlobalSection(ProjectConfigurationPlatforms) = postSolution
		{48E09725-5793-4929-B78D-42201C3F114A}.Debug|Any CPU.ActiveCfg = Debug|Any CPU
		{48E09725-5793-4929-B78D-42201C3F114A}.Debug|Any CPU.Build.0 = Debug|Any CPU
		{48E09725-5793-4929-B78D-42201C3F114A}.Release|Any CPU.ActiveCfg = Release|Any CPU
		{48E09725-5793-4929-B78D-42201C3F114A}.Release|Any CPU.Build.0 = Release|Any CPU
		{DD35EF85-D9A1-4347-8350-D65DBCCB6CA9}.Debug|Any CPU.ActiveCfg = Debug|Any CPU
		{DD35EF85-D9A1-4347-8350-D65DBCCB6CA9}.Debug|Any CPU.Build.0 = Debug|Any CPU
		{DD35EF85-D9A1-4347-8350-D65DBCCB6CA9}.Release|Any CPU.ActiveCfg = Release|Any CPU
		{DD35EF85-D9A1-4347-8350-D65DBCCB6CA9}.Release|Any CPU.Build.0 = Release|Any CPU
		{8177EC4C-AB46-43D2-9FDC-0B51D066B93C}.Debug|Any CPU.ActiveCfg = Debug|Any CPU
		{8177EC4C-AB46-43D2-9FDC-0B51D066B93C}.Debug|Any CPU.Build.0 = Debug|Any CPU
		{8177EC4C-AB46-43D2-9FDC-0B51D066B93C}.Release|Any CPU.ActiveCfg = Release|Any CPU
		{8177EC4C-AB46-43D2-9FDC-0B51D066B93C}.Release|Any CPU.Build.0 = Release|Any CPU
		{CE4CF06F-1F28-48A4-B928-C4D19BFFB8FA}.Debug|Any CPU.ActiveCfg = Debug|Any CPU
		{CE4CF06F-1F28-48A4-B928-C4D19BFFB8FA}.Debug|Any CPU.Build.0 = Debug|Any CPU
		{CE4CF06F-1F28-48A4-B928-C4D19BFFB8FA}.Release|Any CPU.ActiveCfg = Release|Any CPU
		{CE4CF06F-1F28-48A4-B928-C4D19BFFB8FA}.Release|Any CPU.Build.0 = Release|Any CPU
	EndGlobalSection
	GlobalSection(SolutionProperties) = preSolution
		HideSolutionNode = FALSE
	EndGlobalSection
	GlobalSection(ExtensibilityGlobals) = postSolution
		SolutionGuid = {4C336A58-85BF-4D02-BCE4-618C73ECC327}
	EndGlobalSection
EndGlobal
